
Microsoft Visual Studio Solution File, Format Version 12.00
# Visual Studio 15
VisualStudioVersion = 15.0.28010.2026
MinimumVisualStudioVersion = 10.0.40219.1
Project("{FAE04EC0-301F-11D3-BF4B-00C04F79EFBC}") = "SelfDrivingMod", "SelfDrivingMod\SelfDrivingMod.csproj", "{410D68F8-ADF5-498C-B384-C121B630337E}"
EndProject
Global
	GlobalSection(SolutionConfigurationPlatforms) = preSolution
		Debug|Any CPU = Debug|Any CPU
		Release|Any CPU = Release|Any CPU
	EndGlobalSection
	GlobalSection(ProjectConfigurationPlatforms) = postSolution
		{410D68F8-ADF5-498C-B384-C121B630337E}.Debug|Any CPU.ActiveCfg = Debug|Any CPU
		{410D68F8-ADF5-498C-B384-C121B630337E}.Debug|Any CPU.Build.0 = Debug|Any CPU
		{410D68F8-ADF5-498C-B384-C121B630337E}.Release|Any CPU.ActiveCfg = Release|Any CPU
		{410D68F8-ADF5-498C-B384-C121B630337E}.Release|Any CPU.Build.0 = Release|Any CPU
	EndGlobalSection
	GlobalSection(SolutionProperties) = preSolution
		HideSolutionNode = FALSE
	EndGlobalSection
	GlobalSection(ExtensibilityGlobals) = postSolution
		SolutionGuid = {81F5502F-6D31-4623-B071-8F58F3E74A6F}
	EndGlobalSection
EndGlobal
